<?xml version="1.0" encoding="utf-8"?>
<Project ToolsVersion="4.0" xmlns="http://schemas.microsoft.com/developer/msbuild/2003">
  <ItemGroup>
    <Filter Include="Source Files">
      <UniqueIdentifier>{4FC737F1-C7A5-4376-A066-2A32D752A2FF}</UniqueIdentifier>
      <Extensions>cpp;c;cc;cxx;c++;cppm;ixx;def;odl;idl;hpj;bat;asm;asmx</Extensions>
    </Filter>
    <Filter Include="Header Files">
      <UniqueIdentifier>{93995380-89BD-4b04-88EB-625FBE52EBFB}</UniqueIdentifier>
      <Extensions>h;hh;hpp;hxx;h++;hm;inl;inc;ipp;xsd</Extensions>
    </Filter>
    <Filter Include="Resource Files">
      <UniqueIdentifier>{67DA6AB6-F800-4c08-8B7A-83BB121AAD01}</UniqueIdentifier>
      <Extensions>rc;ico;cur;bmp;dlg;rc2;rct;bin;rgs;gif;jpg;jpeg;jpe;resx;tiff;tif;png;wav;mfcribbon-ms</Extensions>
    </Filter>
    <Filter Include="Resource Files\Vulkan">
      <UniqueIdentifier>{269bac4e-31b3-440a-ba14-75dcabec5621}</UniqueIdentifier>
    </Filter>
  </ItemGroup>
  <ItemGroup>
    <ClCompile Include="ShaderTest.cpp">
      <Filter>Source Files</Filter>
    </ClCompile>
    <ClCompile Include="VertexBufferTest.cpp">
      <Filter>Source Files</Filter>
    </ClCompile>
    <ClCompile Include="IndexBufferTest.cpp">
      <Filter>Source Files</Filter>
    </ClCompile>
    <ClCompile Include="UnitTestApplication.cpp">
      <Filter>Source Files</Filter>
    </ClCompile>
    <ClCompile Include="UniformBufferTest.cpp">
      <Filter>Source Files</Filter>
    </ClCompile>
  </ItemGroup>
  <ItemGroup>
    <ClInclude Include="ShaderTest.h">
      <Filter>Header Files</Filter>
    </ClInclude>
    <ClInclude Include="VertexBufferTest.h">
      <Filter>Header Files</Filter>
    </ClInclude>
    <ClInclude Include="IndexBufferTest.h">
      <Filter>Header Files</Filter>
    </ClInclude>
    <ClInclude Include="UnitTestApplication.h">
      <Filter>Header Files</Filter>
    </ClInclude>
    <ClInclude Include="UniformBufferTest.h">
      <Filter>Header Files</Filter>
    </ClInclude>
  </ItemGroup>
  <ItemGroup>
    <CustomBuild Include="res\ShaderTest.frag">
      <Filter>Resource Files</Filter>
    </CustomBuild>
    <CustomBuild Include="res\VertexBufferTest.frag">
      <Filter>Resource Files</Filter>
    </CustomBuild>
    <CustomBuild Include="res\VertexBufferTest.vert">
      <Filter>Resource Files</Filter>
    </CustomBuild>
    <CustomBuild Include="res\Vulkan\ShaderTest.vert">
      <Filter>Resource Files\Vulkan</Filter>
    </CustomBuild>
    <CustomBuild Include="res\IndexBufferTest.vert">
      <Filter>Resource Files</Filter>
    </CustomBuild>
    <CustomBuild Include="res\IndexBufferTest.frag">
      <Filter>Resource Files</Filter>
    </CustomBuild>
    <CustomBuild Include="res\UniformBufferTest.frag">
      <Filter>Resource Files</Filter>
    </CustomBuild>
    <CustomBuild Include="res\UniformBufferTest.vert">
      <Filter>Resource Files</Filter>
    </CustomBuild>
  </ItemGroup>
  <ItemGroup>
    <None Include="res\ShadersList.json">
      <Filter>Resource Files</Filter>
    </None>
    <None Include="res\ShaderTest.vert">
      <Filter>Resource Files</Filter>
    </None>
    <None Include="Settings.json">
      <Filter>Resource Files</Filter>
    </None>
  </ItemGroup>
</Project>